
Microsoft Visual Studio Solution File, Format Version 12.00
# Visual Studio Version 17
VisualStudioVersion = 17.10.35013.160
MinimumVisualStudioVersion = 10.0.40219.1
Project("{FAE04EC0-301F-11D3-BF4B-00C04F79EFBC}") = "TesterCore", "TesterCore\TesterCore.csproj", "{62DB580C-86C5-4397-BB9D-8193C2CE192D}"
EndProject
Project("{FAE04EC0-301F-11D3-BF4B-00C04F79EFBC}") = "TesterMSTest", "TesterMSTest\TesterMSTest.csproj", "{D7FBE1E1-9DF3-4CA4-BFC2-DD687CE90C9E}"
EndProject
Project("{FAE04EC0-301F-11D3-BF4B-00C04F79EFBC}") = "TesterXUnit", "TesterXUnit\TesterXUnit.csproj", "{27421CD7-8B8D-4562-ADA0-76789F8DA2F3}"
EndProject
Global
	GlobalSection(SolutionConfigurationPlatforms) = preSolution
		Debug|Any CPU = Debug|Any CPU
		Release|Any CPU = Release|Any CPU
	EndGlobalSection
	GlobalSection(ProjectConfigurationPlatforms) = postSolution
		{62DB580C-86C5-4397-BB9D-8193C2CE192D}.Debug|Any CPU.ActiveCfg = Debug|Any CPU
		{62DB580C-86C5-4397-BB9D-8193C2CE192D}.Debug|Any CPU.Build.0 = Debug|Any CPU
		{62DB580C-86C5-4397-BB9D-8193C2CE192D}.Release|Any CPU.ActiveCfg = Release|Any CPU
		{62DB580C-86C5-4397-BB9D-8193C2CE192D}.Release|Any CPU.Build.0 = Release|Any CPU
		{D7FBE1E1-9DF3-4CA4-BFC2-DD687CE90C9E}.Debug|Any CPU.ActiveCfg = Debug|Any CPU
		{D7FBE1E1-9DF3-4CA4-BFC2-DD687CE90C9E}.Debug|Any CPU.Build.0 = Debug|Any CPU
		{D7FBE1E1-9DF3-4CA4-BFC2-DD687CE90C9E}.Release|Any CPU.ActiveCfg = Release|Any CPU
		{D7FBE1E1-9DF3-4CA4-BFC2-DD687CE90C9E}.Release|Any CPU.Build.0 = Release|Any CPU
		{27421CD7-8B8D-4562-ADA0-76789F8DA2F3}.Debug|Any CPU.ActiveCfg = Debug|Any CPU
		{27421CD7-8B8D-4562-ADA0-76789F8DA2F3}.Debug|Any CPU.Build.0 = Debug|Any CPU
		{27421CD7-8B8D-4562-ADA0-76789F8DA2F3}.Release|Any CPU.ActiveCfg = Release|Any CPU
		{27421CD7-8B8D-4562-ADA0-76789F8DA2F3}.Release|Any CPU.Build.0 = Release|Any CPU
	EndGlobalSection
	GlobalSection(SolutionProperties) = preSolution
		HideSolutionNode = FALSE
	EndGlobalSection
	GlobalSection(ExtensibilityGlobals) = postSolution
		SolutionGuid = {0257F155-F106-4CCE-A74C-D7556456BED2}
	EndGlobalSection
EndGlobal
